<?xml version="1.0" encoding="utf-8"?>
<Project ToolsVersion="4.0" xmlns="http://schemas.microsoft.com/developer/msbuild/2003">
  <ItemGroup>
    <Filter Include="Source Files">
      <UniqueIdentifier>{4FC737F1-C7A5-4376-A066-2A32D752A2FF}</UniqueIdentifier>
      <Extensions>cpp;c;cc;cxx;def;odl;idl;hpj;bat;asm;asmx</Extensions>
    </Filter>
    <Filter Include="Header Files">
      <UniqueIdentifier>{93995380-89BD-4b04-88EB-625FBE52EBFB}</UniqueIdentifier>
      <Extensions>h;hpp;hxx;hm;inl;inc;xsd</Extensions>
    </Filter>
    <Filter Include="Resource Files">
      <UniqueIdentifier>{67DA6AB6-F800-4c08-8B7A-83BB121AAD01}</UniqueIdentifier>
      <Extensions>rc;ico;cur;bmp;dlg;rc2;rct;bin;rgs;gif;jpg;jpeg;jpe;resx;tiff;tif;png;wav;mfcribbon-ms</Extensions>
    </Filter>
    <Filter Include="Header Files\GUIComponents">
      <UniqueIdentifier>{c363edff-7624-434d-8d6d-0bdfe748ccb7}</UniqueIdentifier>
    </Filter>
    <Filter Include="Source Files\GUIComponents">
      <UniqueIdentifier>{db966c41-7891-4985-ac96-ff205a07f0d6}</UniqueIdentifier>
    </Filter>
  </ItemGroup>
  <ItemGroup>
    <Text Include="ReadMe.txt" />
  </ItemGroup>
  <ItemGroup>
    <ClCompile Include="GUIManager.cpp">
      <Filter>Source Files</Filter>
    </ClCompile>
    <ClCompile Include="FontManager.cpp">
      <Filter>Source Files</Filter>
    </ClCompile>
    <ClCompile Include="InputManager.cpp">
      <Filter>Source Files</Filter>
    </ClCompile>
    <ClCompile Include="GUIButton.cpp">
      <Filter>Source Files\GUIComponents</Filter>
    </ClCompile>
    <ClCompile Include="GUICheckbox.cpp">
      <Filter>Source Files\GUIComponents</Filter>
    </ClCompile>
    <ClCompile Include="GUIDropDownBox.cpp">
      <Filter>Source Files\GUIComponents</Filter>
    </ClCompile>
    <ClCompile Include="GUIDropDownMenu.cpp">
      <Filter>Source Files\GUIComponents</Filter>
    </ClCompile>
    <ClCompile Include="GUIFrame.cpp">
      <Filter>Source Files\GUIComponents</Filter>
    </ClCompile>
    <ClCompile Include="GUIMarkingMenu.cpp">
      <Filter>Source Files\GUIComponents</Filter>
    </ClCompile>
    <ClCompile Include="GUIMarkingMenuNode.cpp">
      <Filter>Source Files\GUIComponents</Filter>
    </ClCompile>
    <ClCompile Include="GUIObject.cpp">
      <Filter>Source Files\GUIComponents</Filter>
    </ClCompile>
    <ClCompile Include="GUIProgressBar.cpp">
      <Filter>Source Files\GUIComponents</Filter>
    </ClCompile>
    <ClCompile Include="GUIRadioButton.cpp">
      <Filter>Source Files\GUIComponents</Filter>
    </ClCompile>
    <ClCompile Include="GUIRadioButtonGroup.cpp">
      <Filter>Source Files\GUIComponents</Filter>
    </ClCompile>
    <ClCompile Include="GUISlider.cpp">
      <Filter>Source Files\GUIComponents</Filter>
    </ClCompile>
    <ClCompile Include="GUITextBox.cpp">
      <Filter>Source Files\GUIComponents</Filter>
    </ClCompile>
    <ClCompile Include="TextureManager.cpp">
      <Filter>Source Files</Filter>
    </ClCompile>
  </ItemGroup>
  <ItemGroup>
    <ClInclude Include="GUIManager.h">
      <Filter>Header Files</Filter>
    </ClInclude>
    <ClInclude Include="ZenosGUIGlobalInclude.h">
      <Filter>Header Files</Filter>
    </ClInclude>
    <ClInclude Include="FontManager.h">
      <Filter>Header Files</Filter>
    </ClInclude>
    <ClInclude Include="InputManager.h">
      <Filter>Header Files</Filter>
    </ClInclude>
    <ClInclude Include="GUIButton.h">
      <Filter>Header Files\GUIComponents</Filter>
    </ClInclude>
    <ClInclude Include="GUICheckbox.h">
      <Filter>Header Files\GUIComponents</Filter>
    </ClInclude>
    <ClInclude Include="GUIDropDownBox.h">
      <Filter>Header Files\GUIComponents</Filter>
    </ClInclude>
    <ClInclude Include="GUIDropDownMenu.h">
      <Filter>Header Files\GUIComponents</Filter>
    </ClInclude>
    <ClInclude Include="GUIFrame.h">
      <Filter>Header Files\GUIComponents</Filter>
    </ClInclude>
    <ClInclude Include="GUIMarkingMenu.h">
      <Filter>Header Files\GUIComponents</Filter>
    </ClInclude>
    <ClInclude Include="GUIMarkingMenuNode.h">
      <Filter>Header Files\GUIComponents</Filter>
    </ClInclude>
    <ClInclude Include="GUIObject.h">
      <Filter>Header Files\GUIComponents</Filter>
    </ClInclude>
    <ClInclude Include="GUIProgressBar.h">
      <Filter>Header Files\GUIComponents</Filter>
    </ClInclude>
    <ClInclude Include="GUIRadioButton.h">
      <Filter>Header Files\GUIComponents</Filter>
    </ClInclude>
    <ClInclude Include="GUIRadioButtonGroup.h">
      <Filter>Header Files\GUIComponents</Filter>
    </ClInclude>
    <ClInclude Include="GUISlider.h">
      <Filter>Header Files\GUIComponents</Filter>
    </ClInclude>
    <ClInclude Include="GUITextBox.h">
      <Filter>Header Files\GUIComponents</Filter>
    </ClInclude>
    <ClInclude Include="TextureManager.h">
      <Filter>Header Files</Filter>
    </ClInclude>
  </ItemGroup>
</Project>