<?xml version="1.0" encoding="utf-8"?>
<Project ToolsVersion="4.0" xmlns="http://schemas.microsoft.com/developer/msbuild/2003">
  <ItemGroup>
    <Filter Include="Source Files">
      <UniqueIdentifier>{4FC737F1-C7A5-4376-A066-2A32D752A2FF}</UniqueIdentifier>
      <Extensions>cpp;c;cc;cxx;def;odl;idl;hpj;bat;asm;asmx</Extensions>
    </Filter>
    <Filter Include="Header Files">
      <UniqueIdentifier>{93995380-89BD-4b04-88EB-625FBE52EBFB}</UniqueIdentifier>
      <Extensions>h;hpp;hxx;hm;inl;inc;xsd</Extensions>
    </Filter>
    <Filter Include="Resource Files">
      <UniqueIdentifier>{67DA6AB6-F800-4c08-8B7A-83BB121AAD01}</UniqueIdentifier>
      <Extensions>rc;ico;cur;bmp;dlg;rc2;rct;bin;rgs;gif;jpg;jpeg;jpe;resx;tiff;tif;png;wav;mfcribbon-ms</Extensions>
    </Filter>
    <Filter Include="Resource Files\Fonts">
      <UniqueIdentifier>{ec2b3817-391d-4ad9-9cbe-b47729655aa8}</UniqueIdentifier>
    </Filter>
    <Filter Include="Resource Files\Textures">
      <UniqueIdentifier>{cb77e105-72bf-47ef-99d5-5ed2f2acdf20}</UniqueIdentifier>
    </Filter>
    <Filter Include="Resource Files\Sounds">
      <UniqueIdentifier>{36db3fb1-99eb-472b-925e-a1a0b2f45ed1}</UniqueIdentifier>
    </Filter>
    <Filter Include="Resource Files\Data">
      <UniqueIdentifier>{5ec71f00-233f-4a69-9a21-788c6b69e91f}</UniqueIdentifier>
    </Filter>
    <Filter Include="Header Files\Management">
      <UniqueIdentifier>{e64ce75c-43f0-4f76-a24c-751908d7d95b}</UniqueIdentifier>
    </Filter>
    <Filter Include="Source Files\Management">
      <UniqueIdentifier>{07373c34-9b19-4f5a-a16b-fee1ac220f59}</UniqueIdentifier>
    </Filter>
    <Filter Include="Header Files\Misc">
      <UniqueIdentifier>{ee393606-5d88-4809-9e15-4205951801a0}</UniqueIdentifier>
    </Filter>
    <Filter Include="Source Files\Misc">
      <UniqueIdentifier>{1a85a9da-fab8-4b1b-9970-f414218c0cce}</UniqueIdentifier>
    </Filter>
    <Filter Include="Header Files\World Objects">
      <UniqueIdentifier>{989742eb-4162-4f80-8f75-0e28f83833b2}</UniqueIdentifier>
    </Filter>
    <Filter Include="Source Files\World Objects">
      <UniqueIdentifier>{589fbd2e-f68d-403d-af89-50b82ddbc7d4}</UniqueIdentifier>
    </Filter>
    <Filter Include="Header Files\World">
      <UniqueIdentifier>{8d0407f7-bd04-4b39-b103-2c6f503c758b}</UniqueIdentifier>
    </Filter>
    <Filter Include="Source Files\World">
      <UniqueIdentifier>{bc23348a-7914-4c4d-8e5c-e1928b71cd0b}</UniqueIdentifier>
    </Filter>
    <Filter Include="Resource Files\Maps">
      <UniqueIdentifier>{a693c8a4-f396-4214-addb-470b97d1912a}</UniqueIdentifier>
    </Filter>
    <Filter Include="Header Files\World Objects\Buildings">
      <UniqueIdentifier>{b05b5356-b57c-4df3-8e2a-bf007aed35b4}</UniqueIdentifier>
    </Filter>
    <Filter Include="Source Files\World Objects\Buildings">
      <UniqueIdentifier>{cba20f33-4625-419f-9fc9-c9c1ca1104b3}</UniqueIdentifier>
    </Filter>
  </ItemGroup>
  <ItemGroup>
    <ClCompile Include="Main.cpp">
      <Filter>Source Files</Filter>
    </ClCompile>
    <ClCompile Include="Game.cpp">
      <Filter>Source Files</Filter>
    </ClCompile>
    <ClCompile Include="HelperFunctions.cpp">
      <Filter>Source Files\Misc</Filter>
    </ClCompile>
    <ClCompile Include="DebugManager.cpp">
      <Filter>Source Files\Management</Filter>
    </ClCompile>
    <ClCompile Include="WorldObject.cpp">
      <Filter>Source Files\World Objects</Filter>
    </ClCompile>
    <ClCompile Include="WorldObjectManager.cpp">
      <Filter>Source Files\Management</Filter>
    </ClCompile>
    <ClCompile Include="WorldDataTables.cpp">
      <Filter>Source Files\World</Filter>
    </ClCompile>
    <ClCompile Include="World.cpp">
      <Filter>Source Files\World</Filter>
    </ClCompile>
    <ClCompile Include="TestWorldObject.cpp">
      <Filter>Source Files\World Objects</Filter>
    </ClCompile>
    <ClCompile Include="CollisionCell.cpp">
      <Filter>Source Files\World</Filter>
    </ClCompile>
    <ClCompile Include="CollisionGrid.cpp">
      <Filter>Source Files\World</Filter>
    </ClCompile>
    <ClCompile Include="TestRandomWanderer.cpp">
      <Filter>Source Files\World Objects</Filter>
    </ClCompile>
    <ClCompile Include="PathfindingNode.cpp">
      <Filter>Source Files\World</Filter>
    </ClCompile>
    <ClCompile Include="PathfindingGrid.cpp">
      <Filter>Source Files\World</Filter>
    </ClCompile>
    <ClCompile Include="WorldBuildingMilitaryTest.cpp">
      <Filter>Source Files\World Objects\Buildings</Filter>
    </ClCompile>
    <ClCompile Include="WorldBuildingMilitary.cpp">
      <Filter>Source Files\World Objects\Buildings</Filter>
    </ClCompile>
    <ClCompile Include="WorldBuilding.cpp">
      <Filter>Source Files\World Objects\Buildings</Filter>
    </ClCompile>
    <ClCompile Include="WorldBuildingFootprint.cpp">
      <Filter>Source Files</Filter>
    </ClCompile>
  </ItemGroup>
  <ItemGroup>
    <ClInclude Include="Game.h">
      <Filter>Header Files</Filter>
    </ClInclude>
    <ClInclude Include="HelperFunctions.h">
      <Filter>Header Files\Misc</Filter>
    </ClInclude>
    <ClInclude Include="DebugManager.h">
      <Filter>Header Files\Management</Filter>
    </ClInclude>
    <ClInclude Include="WorldObject.h">
      <Filter>Header Files\World Objects</Filter>
    </ClInclude>
    <ClInclude Include="WorldObjectManager.h">
      <Filter>Header Files\Management</Filter>
    </ClInclude>
    <ClInclude Include="WorldDataTables.h">
      <Filter>Header Files\World</Filter>
    </ClInclude>
    <ClInclude Include="World.h">
      <Filter>Header Files\World</Filter>
    </ClInclude>
    <ClInclude Include="TestWorldObject.h">
      <Filter>Header Files\World Objects</Filter>
    </ClInclude>
    <ClInclude Include="CollisionCell.h">
      <Filter>Header Files\World</Filter>
    </ClInclude>
    <ClInclude Include="CollisionGrid.h">
      <Filter>Header Files\World</Filter>
    </ClInclude>
    <ClInclude Include="TestRandomWanderer.h">
      <Filter>Header Files\World Objects</Filter>
    </ClInclude>
    <ClInclude Include="PathfindingNode.h">
      <Filter>Header Files\World</Filter>
    </ClInclude>
    <ClInclude Include="PathfindingGrid.h">
      <Filter>Header Files\World</Filter>
    </ClInclude>
    <ClInclude Include="WorldBuildingMilitary.h">
      <Filter>Header Files\World Objects\Buildings</Filter>
    </ClInclude>
    <ClInclude Include="WorldBuildingMilitaryTest.h">
      <Filter>Header Files\World Objects\Buildings</Filter>
    </ClInclude>
    <ClInclude Include="WorldBuilding.h">
      <Filter>Header Files\World Objects\Buildings</Filter>
    </ClInclude>
    <ClInclude Include="WorldBuildingFootprint.h">
      <Filter>Header Files</Filter>
    </ClInclude>
  </ItemGroup>
  <ItemGroup>
    <Font Include="Resources\Fonts\OpenSans-Bold.ttf">
      <Filter>Resource Files\Fonts</Filter>
    </Font>
    <Font Include="Resources\Fonts\OpenSans-BoldItalic.ttf">
      <Filter>Resource Files\Fonts</Filter>
    </Font>
    <Font Include="Resources\Fonts\OpenSans-ExtraBold.ttf">
      <Filter>Resource Files\Fonts</Filter>
    </Font>
    <Font Include="Resources\Fonts\OpenSans-ExtraBoldItalic.ttf">
      <Filter>Resource Files\Fonts</Filter>
    </Font>
    <Font Include="Resources\Fonts\OpenSans-Italic.ttf">
      <Filter>Resource Files\Fonts</Filter>
    </Font>
    <Font Include="Resources\Fonts\OpenSans-Light.ttf">
      <Filter>Resource Files\Fonts</Filter>
    </Font>
    <Font Include="Resources\Fonts\OpenSans-LightItalic.ttf">
      <Filter>Resource Files\Fonts</Filter>
    </Font>
    <Font Include="Resources\Fonts\OpenSans-Regular.ttf">
      <Filter>Resource Files\Fonts</Filter>
    </Font>
    <Font Include="Resources\Fonts\OpenSans-Semibold.ttf">
      <Filter>Resource Files\Fonts</Filter>
    </Font>
    <Font Include="Resources\Fonts\OpenSans-SemiboldItalic.ttf">
      <Filter>Resource Files\Fonts</Filter>
    </Font>
  </ItemGroup>
  <ItemGroup>
    <Text Include="Changes.txt">
      <Filter>Resource Files\Data</Filter>
    </Text>
    <Text Include="Notes.txt">
      <Filter>Resource Files\Data</Filter>
    </Text>
  </ItemGroup>
  <ItemGroup>
    <Image Include="Resources\Textures\Tilesheet.png">
      <Filter>Resource Files\Textures</Filter>
    </Image>
    <Image Include="Resources\Maps\map1.png">
      <Filter>Resource Files\Maps</Filter>
    </Image>
  </ItemGroup>
</Project>